
Microsoft Visual Studio Solution File, Format Version 11.00
# Visual Studio 2010
Project("{FAE04EC0-301F-11D3-BF4B-00C04F79EFBC}") = "Assembly-CSharp", "Assembly-CSharp.csproj", "{3d07d1cc-15de-cadb-d9a8-894bd54a43ae}"
EndProject
Project("{FAE04EC0-301F-11D3-BF4B-00C04F79EFBC}") = "Assembly-CSharp-Editor", "Assembly-CSharp-Editor.csproj", "{3845cc1d-88cb-4b17-77aa-a32627fc3ec9}"
EndProject
Global
	GlobalSection(SolutionConfigurationPlatforms) = preSolution
		Debug|Any CPU = Debug|Any CPU
	EndGlobalSection
	GlobalSection(ProjectConfigurationPlatforms) = postSolution
		{3d07d1cc-15de-cadb-d9a8-894bd54a43ae}.Debug|Any CPU.ActiveCfg = Debug|Any CPU
		{3d07d1cc-15de-cadb-d9a8-894bd54a43ae}.Debug|Any CPU.Build.0 = Debug|Any CPU
		{3845cc1d-88cb-4b17-77aa-a32627fc3ec9}.Debug|Any CPU.ActiveCfg = Debug|Any CPU
		{3845cc1d-88cb-4b17-77aa-a32627fc3ec9}.Debug|Any CPU.Build.0 = Debug|Any CPU
	EndGlobalSection
	GlobalSection(SolutionProperties) = preSolution
		HideSolutionNode = FALSE
	EndGlobalSection
EndGlobal
